
Microsoft Visual Studio Solution File, Format Version 12.00
# Visual Studio Version 17
VisualStudioVersion = 17.5.33516.290
MinimumVisualStudioVersion = 10.0.40219.1
Project("{FAE04EC0-301F-11D3-BF4B-00C04F79EFBC}") = "ConsoleProject01", "ConsoleProject01.csproj", "{FBC4CCEB-E60F-4CC2-8313-E6B44805810E}"
EndProject
Global
	GlobalSection(SolutionConfigurationPlatforms) = preSolution
		Debug|Any CPU = Debug|Any CPU
		Release|Any CPU = Release|Any CPU
	EndGlobalSection
	GlobalSection(ProjectConfigurationPlatforms) = postSolution
		{FBC4CCEB-E60F-4CC2-8313-E6B44805810E}.Debug|Any CPU.ActiveCfg = Debug|Any CPU
		{FBC4CCEB-E60F-4CC2-8313-E6B44805810E}.Debug|Any CPU.Build.0 = Debug|Any CPU
		{FBC4CCEB-E60F-4CC2-8313-E6B44805810E}.Release|Any CPU.ActiveCfg = Release|Any CPU
		{FBC4CCEB-E60F-4CC2-8313-E6B44805810E}.Release|Any CPU.Build.0 = Release|Any CPU
	EndGlobalSection
	GlobalSection(SolutionProperties) = preSolution
		HideSolutionNode = FALSE
	EndGlobalSection
	GlobalSection(ExtensibilityGlobals) = postSolution
		SolutionGuid = {B0B1D86E-2130-4859-A16E-1849015A0985}
	EndGlobalSection
EndGlobal
